
Microsoft Visual Studio Solution File, Format Version 12.00
# Visual Studio Version 17
VisualStudioVersion = 17.6.33829.357
MinimumVisualStudioVersion = 10.0.40219.1
Project("{FAE04EC0-301F-11D3-BF4B-00C04F79EFBC}") = "cs methods", "cs methods.csproj", "{714AF4F8-880A-401C-BAAA-8A565CFE9404}"
EndProject
Global
	GlobalSection(SolutionConfigurationPlatforms) = preSolution
		Debug|Any CPU = Debug|Any CPU
		Release|Any CPU = Release|Any CPU
	EndGlobalSection
	GlobalSection(ProjectConfigurationPlatforms) = postSolution
		{714AF4F8-880A-401C-BAAA-8A565CFE9404}.Debug|Any CPU.ActiveCfg = Debug|Any CPU
		{714AF4F8-880A-401C-BAAA-8A565CFE9404}.Debug|Any CPU.Build.0 = Debug|Any CPU
		{714AF4F8-880A-401C-BAAA-8A565CFE9404}.Release|Any CPU.ActiveCfg = Release|Any CPU
		{714AF4F8-880A-401C-BAAA-8A565CFE9404}.Release|Any CPU.Build.0 = Release|Any CPU
	EndGlobalSection
	GlobalSection(SolutionProperties) = preSolution
		HideSolutionNode = FALSE
	EndGlobalSection
	GlobalSection(ExtensibilityGlobals) = postSolution
		SolutionGuid = {38705C2A-9D4A-4FB9-8B05-7BEE81A035CC}
	EndGlobalSection
EndGlobal
