
Microsoft Visual Studio Solution File, Format Version 12.00
# Visual Studio Version 17
VisualStudioVersion = 17.6.33829.357
MinimumVisualStudioVersion = 10.0.40219.1
Project("{FAE04EC0-301F-11D3-BF4B-00C04F79EFBC}") = "cs loop7", "cs loop7.csproj", "{CE819232-C514-4942-B98F-71DD0D923EE7}"
EndProject
Global
	GlobalSection(SolutionConfigurationPlatforms) = preSolution
		Debug|Any CPU = Debug|Any CPU
		Release|Any CPU = Release|Any CPU
	EndGlobalSection
	GlobalSection(ProjectConfigurationPlatforms) = postSolution
		{CE819232-C514-4942-B98F-71DD0D923EE7}.Debug|Any CPU.ActiveCfg = Debug|Any CPU
		{CE819232-C514-4942-B98F-71DD0D923EE7}.Debug|Any CPU.Build.0 = Debug|Any CPU
		{CE819232-C514-4942-B98F-71DD0D923EE7}.Release|Any CPU.ActiveCfg = Release|Any CPU
		{CE819232-C514-4942-B98F-71DD0D923EE7}.Release|Any CPU.Build.0 = Release|Any CPU
	EndGlobalSection
	GlobalSection(SolutionProperties) = preSolution
		HideSolutionNode = FALSE
	EndGlobalSection
	GlobalSection(ExtensibilityGlobals) = postSolution
		SolutionGuid = {A55B1C94-086C-414B-A4BF-09934D5D6292}
	EndGlobalSection
EndGlobal
