
Microsoft Visual Studio Solution File, Format Version 12.00
# Visual Studio Version 17
VisualStudioVersion = 17.6.33829.357
MinimumVisualStudioVersion = 10.0.40219.1
Project("{FAE04EC0-301F-11D3-BF4B-00C04F79EFBC}") = "cs arrays3", "cs arrays3.csproj", "{88854E79-9C7B-48E8-B567-5A90EDE006BE}"
EndProject
Global
	GlobalSection(SolutionConfigurationPlatforms) = preSolution
		Debug|Any CPU = Debug|Any CPU
		Release|Any CPU = Release|Any CPU
	EndGlobalSection
	GlobalSection(ProjectConfigurationPlatforms) = postSolution
		{88854E79-9C7B-48E8-B567-5A90EDE006BE}.Debug|Any CPU.ActiveCfg = Debug|Any CPU
		{88854E79-9C7B-48E8-B567-5A90EDE006BE}.Debug|Any CPU.Build.0 = Debug|Any CPU
		{88854E79-9C7B-48E8-B567-5A90EDE006BE}.Release|Any CPU.ActiveCfg = Release|Any CPU
		{88854E79-9C7B-48E8-B567-5A90EDE006BE}.Release|Any CPU.Build.0 = Release|Any CPU
	EndGlobalSection
	GlobalSection(SolutionProperties) = preSolution
		HideSolutionNode = FALSE
	EndGlobalSection
	GlobalSection(ExtensibilityGlobals) = postSolution
		SolutionGuid = {83E799DA-3554-4B43-B166-7A8D0DEC2D53}
	EndGlobalSection
EndGlobal
