
Microsoft Visual Studio Solution File, Format Version 12.00
# Visual Studio Version 17
VisualStudioVersion = 17.6.33829.357
MinimumVisualStudioVersion = 10.0.40219.1
Project("{FAE04EC0-301F-11D3-BF4B-00C04F79EFBC}") = "cs arrays8", "cs arrays8.csproj", "{B02F7EA4-5DA4-491B-837A-4CEA4E8B121A}"
EndProject
Global
	GlobalSection(SolutionConfigurationPlatforms) = preSolution
		Debug|Any CPU = Debug|Any CPU
		Release|Any CPU = Release|Any CPU
	EndGlobalSection
	GlobalSection(ProjectConfigurationPlatforms) = postSolution
		{B02F7EA4-5DA4-491B-837A-4CEA4E8B121A}.Debug|Any CPU.ActiveCfg = Debug|Any CPU
		{B02F7EA4-5DA4-491B-837A-4CEA4E8B121A}.Debug|Any CPU.Build.0 = Debug|Any CPU
		{B02F7EA4-5DA4-491B-837A-4CEA4E8B121A}.Release|Any CPU.ActiveCfg = Release|Any CPU
		{B02F7EA4-5DA4-491B-837A-4CEA4E8B121A}.Release|Any CPU.Build.0 = Release|Any CPU
	EndGlobalSection
	GlobalSection(SolutionProperties) = preSolution
		HideSolutionNode = FALSE
	EndGlobalSection
	GlobalSection(ExtensibilityGlobals) = postSolution
		SolutionGuid = {1973550B-F365-4AE0-BCA8-C14ED347C017}
	EndGlobalSection
EndGlobal
