
Microsoft Visual Studio Solution File, Format Version 12.00
# Visual Studio Version 17
VisualStudioVersion = 17.6.33829.357
MinimumVisualStudioVersion = 10.0.40219.1
Project("{FAE04EC0-301F-11D3-BF4B-00C04F79EFBC}") = "cs arrays5", "cs arrays5.csproj", "{C80CFEC1-ACF0-41F0-A99D-9FC31A60631C}"
EndProject
Global
	GlobalSection(SolutionConfigurationPlatforms) = preSolution
		Debug|Any CPU = Debug|Any CPU
		Release|Any CPU = Release|Any CPU
	EndGlobalSection
	GlobalSection(ProjectConfigurationPlatforms) = postSolution
		{C80CFEC1-ACF0-41F0-A99D-9FC31A60631C}.Debug|Any CPU.ActiveCfg = Debug|Any CPU
		{C80CFEC1-ACF0-41F0-A99D-9FC31A60631C}.Debug|Any CPU.Build.0 = Debug|Any CPU
		{C80CFEC1-ACF0-41F0-A99D-9FC31A60631C}.Release|Any CPU.ActiveCfg = Release|Any CPU
		{C80CFEC1-ACF0-41F0-A99D-9FC31A60631C}.Release|Any CPU.Build.0 = Release|Any CPU
	EndGlobalSection
	GlobalSection(SolutionProperties) = preSolution
		HideSolutionNode = FALSE
	EndGlobalSection
	GlobalSection(ExtensibilityGlobals) = postSolution
		SolutionGuid = {4FD1983A-5032-409F-9743-0EC6A1B6F9AD}
	EndGlobalSection
EndGlobal
