
Microsoft Visual Studio Solution File, Format Version 12.00
# Visual Studio Version 17
VisualStudioVersion = 17.6.33829.357
MinimumVisualStudioVersion = 10.0.40219.1
Project("{FAE04EC0-301F-11D3-BF4B-00C04F79EFBC}") = "cs exe2", "cs exe2.csproj", "{D099FC61-89E8-43BB-83A5-822608639C8E}"
EndProject
Global
	GlobalSection(SolutionConfigurationPlatforms) = preSolution
		Debug|Any CPU = Debug|Any CPU
		Release|Any CPU = Release|Any CPU
	EndGlobalSection
	GlobalSection(ProjectConfigurationPlatforms) = postSolution
		{D099FC61-89E8-43BB-83A5-822608639C8E}.Debug|Any CPU.ActiveCfg = Debug|Any CPU
		{D099FC61-89E8-43BB-83A5-822608639C8E}.Debug|Any CPU.Build.0 = Debug|Any CPU
		{D099FC61-89E8-43BB-83A5-822608639C8E}.Release|Any CPU.ActiveCfg = Release|Any CPU
		{D099FC61-89E8-43BB-83A5-822608639C8E}.Release|Any CPU.Build.0 = Release|Any CPU
	EndGlobalSection
	GlobalSection(SolutionProperties) = preSolution
		HideSolutionNode = FALSE
	EndGlobalSection
	GlobalSection(ExtensibilityGlobals) = postSolution
		SolutionGuid = {8D1BFFA9-4993-48E7-9243-705418ACC67B}
	EndGlobalSection
EndGlobal
