
Microsoft Visual Studio Solution File, Format Version 12.00
# Visual Studio Version 17
VisualStudioVersion = 17.6.33829.357
MinimumVisualStudioVersion = 10.0.40219.1
Project("{FAE04EC0-301F-11D3-BF4B-00C04F79EFBC}") = "cs exe10", "cs exe10.csproj", "{C3210BF8-BFCC-48C8-A732-159D239543E1}"
EndProject
Global
	GlobalSection(SolutionConfigurationPlatforms) = preSolution
		Debug|Any CPU = Debug|Any CPU
		Release|Any CPU = Release|Any CPU
	EndGlobalSection
	GlobalSection(ProjectConfigurationPlatforms) = postSolution
		{C3210BF8-BFCC-48C8-A732-159D239543E1}.Debug|Any CPU.ActiveCfg = Debug|Any CPU
		{C3210BF8-BFCC-48C8-A732-159D239543E1}.Debug|Any CPU.Build.0 = Debug|Any CPU
		{C3210BF8-BFCC-48C8-A732-159D239543E1}.Release|Any CPU.ActiveCfg = Release|Any CPU
		{C3210BF8-BFCC-48C8-A732-159D239543E1}.Release|Any CPU.Build.0 = Release|Any CPU
	EndGlobalSection
	GlobalSection(SolutionProperties) = preSolution
		HideSolutionNode = FALSE
	EndGlobalSection
	GlobalSection(ExtensibilityGlobals) = postSolution
		SolutionGuid = {F9E8E49A-F346-404A-9144-F55D484D0121}
	EndGlobalSection
EndGlobal
