
Microsoft Visual Studio Solution File, Format Version 12.00
# Visual Studio Version 17
VisualStudioVersion = 17.6.33829.357
MinimumVisualStudioVersion = 10.0.40219.1
Project("{FAE04EC0-301F-11D3-BF4B-00C04F79EFBC}") = "cs loop15", "cs loop15.csproj", "{2905F408-1BFE-41A7-9811-D4A033D5CB6E}"
EndProject
Global
	GlobalSection(SolutionConfigurationPlatforms) = preSolution
		Debug|Any CPU = Debug|Any CPU
		Release|Any CPU = Release|Any CPU
	EndGlobalSection
	GlobalSection(ProjectConfigurationPlatforms) = postSolution
		{2905F408-1BFE-41A7-9811-D4A033D5CB6E}.Debug|Any CPU.ActiveCfg = Debug|Any CPU
		{2905F408-1BFE-41A7-9811-D4A033D5CB6E}.Debug|Any CPU.Build.0 = Debug|Any CPU
		{2905F408-1BFE-41A7-9811-D4A033D5CB6E}.Release|Any CPU.ActiveCfg = Release|Any CPU
		{2905F408-1BFE-41A7-9811-D4A033D5CB6E}.Release|Any CPU.Build.0 = Release|Any CPU
	EndGlobalSection
	GlobalSection(SolutionProperties) = preSolution
		HideSolutionNode = FALSE
	EndGlobalSection
	GlobalSection(ExtensibilityGlobals) = postSolution
		SolutionGuid = {ED60EDE1-3217-4CDA-983C-EEB6691E4F45}
	EndGlobalSection
EndGlobal
