
Microsoft Visual Studio Solution File, Format Version 12.00
# Visual Studio Version 17
VisualStudioVersion = 17.6.33829.357
MinimumVisualStudioVersion = 10.0.40219.1
Project("{FAE04EC0-301F-11D3-BF4B-00C04F79EFBC}") = "cs methods14", "cs methods14.csproj", "{D99DC8E9-B392-40CE-8EDA-297D7FD0C122}"
EndProject
Global
	GlobalSection(SolutionConfigurationPlatforms) = preSolution
		Debug|Any CPU = Debug|Any CPU
		Release|Any CPU = Release|Any CPU
	EndGlobalSection
	GlobalSection(ProjectConfigurationPlatforms) = postSolution
		{D99DC8E9-B392-40CE-8EDA-297D7FD0C122}.Debug|Any CPU.ActiveCfg = Debug|Any CPU
		{D99DC8E9-B392-40CE-8EDA-297D7FD0C122}.Debug|Any CPU.Build.0 = Debug|Any CPU
		{D99DC8E9-B392-40CE-8EDA-297D7FD0C122}.Release|Any CPU.ActiveCfg = Release|Any CPU
		{D99DC8E9-B392-40CE-8EDA-297D7FD0C122}.Release|Any CPU.Build.0 = Release|Any CPU
	EndGlobalSection
	GlobalSection(SolutionProperties) = preSolution
		HideSolutionNode = FALSE
	EndGlobalSection
	GlobalSection(ExtensibilityGlobals) = postSolution
		SolutionGuid = {EA99EACD-9667-4EE7-B3EB-2F944A8D90AC}
	EndGlobalSection
EndGlobal
