
Microsoft Visual Studio Solution File, Format Version 12.00
# Visual Studio Version 17
VisualStudioVersion = 17.6.33829.357
MinimumVisualStudioVersion = 10.0.40219.1
Project("{FAE04EC0-301F-11D3-BF4B-00C04F79EFBC}") = "cs loop8", "cs loop8.csproj", "{4D35A2E2-BA55-4B8F-BBE5-CC91B648FBA3}"
EndProject
Global
	GlobalSection(SolutionConfigurationPlatforms) = preSolution
		Debug|Any CPU = Debug|Any CPU
		Release|Any CPU = Release|Any CPU
	EndGlobalSection
	GlobalSection(ProjectConfigurationPlatforms) = postSolution
		{4D35A2E2-BA55-4B8F-BBE5-CC91B648FBA3}.Debug|Any CPU.ActiveCfg = Debug|Any CPU
		{4D35A2E2-BA55-4B8F-BBE5-CC91B648FBA3}.Debug|Any CPU.Build.0 = Debug|Any CPU
		{4D35A2E2-BA55-4B8F-BBE5-CC91B648FBA3}.Release|Any CPU.ActiveCfg = Release|Any CPU
		{4D35A2E2-BA55-4B8F-BBE5-CC91B648FBA3}.Release|Any CPU.Build.0 = Release|Any CPU
	EndGlobalSection
	GlobalSection(SolutionProperties) = preSolution
		HideSolutionNode = FALSE
	EndGlobalSection
	GlobalSection(ExtensibilityGlobals) = postSolution
		SolutionGuid = {D0EA0A48-D9F8-4030-B141-CAF6E517E5EF}
	EndGlobalSection
EndGlobal
