
Microsoft Visual Studio Solution File, Format Version 12.00
# Visual Studio Version 17
VisualStudioVersion = 17.6.33829.357
MinimumVisualStudioVersion = 10.0.40219.1
Project("{FAE04EC0-301F-11D3-BF4B-00C04F79EFBC}") = "cs strings11", "cs strings11.csproj", "{BF25E636-5D75-459E-9B1A-47E21068E405}"
EndProject
Global
	GlobalSection(SolutionConfigurationPlatforms) = preSolution
		Debug|Any CPU = Debug|Any CPU
		Release|Any CPU = Release|Any CPU
	EndGlobalSection
	GlobalSection(ProjectConfigurationPlatforms) = postSolution
		{BF25E636-5D75-459E-9B1A-47E21068E405}.Debug|Any CPU.ActiveCfg = Debug|Any CPU
		{BF25E636-5D75-459E-9B1A-47E21068E405}.Debug|Any CPU.Build.0 = Debug|Any CPU
		{BF25E636-5D75-459E-9B1A-47E21068E405}.Release|Any CPU.ActiveCfg = Release|Any CPU
		{BF25E636-5D75-459E-9B1A-47E21068E405}.Release|Any CPU.Build.0 = Release|Any CPU
	EndGlobalSection
	GlobalSection(SolutionProperties) = preSolution
		HideSolutionNode = FALSE
	EndGlobalSection
	GlobalSection(ExtensibilityGlobals) = postSolution
		SolutionGuid = {A1D6F7CA-2A3B-4941-8825-7B037C383012}
	EndGlobalSection
EndGlobal
