
Microsoft Visual Studio Solution File, Format Version 12.00
# Visual Studio Version 17
VisualStudioVersion = 17.6.33829.357
MinimumVisualStudioVersion = 10.0.40219.1
Project("{FAE04EC0-301F-11D3-BF4B-00C04F79EFBC}") = "cs methods8", "cs methods8.csproj", "{5DC8515A-DE45-4E82-99B1-CACEEFC3B890}"
EndProject
Global
	GlobalSection(SolutionConfigurationPlatforms) = preSolution
		Debug|Any CPU = Debug|Any CPU
		Release|Any CPU = Release|Any CPU
	EndGlobalSection
	GlobalSection(ProjectConfigurationPlatforms) = postSolution
		{5DC8515A-DE45-4E82-99B1-CACEEFC3B890}.Debug|Any CPU.ActiveCfg = Debug|Any CPU
		{5DC8515A-DE45-4E82-99B1-CACEEFC3B890}.Debug|Any CPU.Build.0 = Debug|Any CPU
		{5DC8515A-DE45-4E82-99B1-CACEEFC3B890}.Release|Any CPU.ActiveCfg = Release|Any CPU
		{5DC8515A-DE45-4E82-99B1-CACEEFC3B890}.Release|Any CPU.Build.0 = Release|Any CPU
	EndGlobalSection
	GlobalSection(SolutionProperties) = preSolution
		HideSolutionNode = FALSE
	EndGlobalSection
	GlobalSection(ExtensibilityGlobals) = postSolution
		SolutionGuid = {3D71BBB2-6900-43D1-AB3D-4220FE538A69}
	EndGlobalSection
EndGlobal
