
Microsoft Visual Studio Solution File, Format Version 12.00
# Visual Studio Version 17
VisualStudioVersion = 17.6.33829.357
MinimumVisualStudioVersion = 10.0.40219.1
Project("{FAE04EC0-301F-11D3-BF4B-00C04F79EFBC}") = "cs intro1", "cs intro1.csproj", "{2CA2E791-9045-4EC3-9AA3-616016CFF94E}"
EndProject
Global
	GlobalSection(SolutionConfigurationPlatforms) = preSolution
		Debug|Any CPU = Debug|Any CPU
		Release|Any CPU = Release|Any CPU
	EndGlobalSection
	GlobalSection(ProjectConfigurationPlatforms) = postSolution
		{2CA2E791-9045-4EC3-9AA3-616016CFF94E}.Debug|Any CPU.ActiveCfg = Debug|Any CPU
		{2CA2E791-9045-4EC3-9AA3-616016CFF94E}.Debug|Any CPU.Build.0 = Debug|Any CPU
		{2CA2E791-9045-4EC3-9AA3-616016CFF94E}.Release|Any CPU.ActiveCfg = Release|Any CPU
		{2CA2E791-9045-4EC3-9AA3-616016CFF94E}.Release|Any CPU.Build.0 = Release|Any CPU
	EndGlobalSection
	GlobalSection(SolutionProperties) = preSolution
		HideSolutionNode = FALSE
	EndGlobalSection
	GlobalSection(ExtensibilityGlobals) = postSolution
		SolutionGuid = {60B8DE0F-A8B8-4CC0-A536-F8104B4ECE90}
	EndGlobalSection
EndGlobal
