
Microsoft Visual Studio Solution File, Format Version 12.00
# Visual Studio Version 17
VisualStudioVersion = 17.6.33829.357
MinimumVisualStudioVersion = 10.0.40219.1
Project("{FAE04EC0-301F-11D3-BF4B-00C04F79EFBC}") = "cs methods18", "cs methods18.csproj", "{2C2189E3-FE6D-404C-8A55-139A213DBEF4}"
EndProject
Global
	GlobalSection(SolutionConfigurationPlatforms) = preSolution
		Debug|Any CPU = Debug|Any CPU
		Release|Any CPU = Release|Any CPU
	EndGlobalSection
	GlobalSection(ProjectConfigurationPlatforms) = postSolution
		{2C2189E3-FE6D-404C-8A55-139A213DBEF4}.Debug|Any CPU.ActiveCfg = Debug|Any CPU
		{2C2189E3-FE6D-404C-8A55-139A213DBEF4}.Debug|Any CPU.Build.0 = Debug|Any CPU
		{2C2189E3-FE6D-404C-8A55-139A213DBEF4}.Release|Any CPU.ActiveCfg = Release|Any CPU
		{2C2189E3-FE6D-404C-8A55-139A213DBEF4}.Release|Any CPU.Build.0 = Release|Any CPU
	EndGlobalSection
	GlobalSection(SolutionProperties) = preSolution
		HideSolutionNode = FALSE
	EndGlobalSection
	GlobalSection(ExtensibilityGlobals) = postSolution
		SolutionGuid = {A5E6F444-E75A-431E-BC01-D9B6275BB2D1}
	EndGlobalSection
EndGlobal
