
Microsoft Visual Studio Solution File, Format Version 12.00
# Visual Studio Version 17
VisualStudioVersion = 17.6.33829.357
MinimumVisualStudioVersion = 10.0.40219.1
Project("{FAE04EC0-301F-11D3-BF4B-00C04F79EFBC}") = "cs wfa4", "cs wfa4.csproj", "{3B10371E-6602-49FB-972F-AAE6756464DA}"
EndProject
Global
	GlobalSection(SolutionConfigurationPlatforms) = preSolution
		Debug|Any CPU = Debug|Any CPU
		Release|Any CPU = Release|Any CPU
	EndGlobalSection
	GlobalSection(ProjectConfigurationPlatforms) = postSolution
		{3B10371E-6602-49FB-972F-AAE6756464DA}.Debug|Any CPU.ActiveCfg = Debug|Any CPU
		{3B10371E-6602-49FB-972F-AAE6756464DA}.Debug|Any CPU.Build.0 = Debug|Any CPU
		{3B10371E-6602-49FB-972F-AAE6756464DA}.Release|Any CPU.ActiveCfg = Release|Any CPU
		{3B10371E-6602-49FB-972F-AAE6756464DA}.Release|Any CPU.Build.0 = Release|Any CPU
	EndGlobalSection
	GlobalSection(SolutionProperties) = preSolution
		HideSolutionNode = FALSE
	EndGlobalSection
	GlobalSection(ExtensibilityGlobals) = postSolution
		SolutionGuid = {13F6977B-E92C-40EC-8676-FA470B42CC68}
	EndGlobalSection
EndGlobal
