
Microsoft Visual Studio Solution File, Format Version 12.00
# Visual Studio Version 17
VisualStudioVersion = 17.6.33829.357
MinimumVisualStudioVersion = 10.0.40219.1
Project("{FAE04EC0-301F-11D3-BF4B-00C04F79EFBC}") = "cs condition8", "cs condition8.csproj", "{81E853B6-AE8C-43E9-A72D-AC9A67E8DA4B}"
EndProject
Global
	GlobalSection(SolutionConfigurationPlatforms) = preSolution
		Debug|Any CPU = Debug|Any CPU
		Release|Any CPU = Release|Any CPU
	EndGlobalSection
	GlobalSection(ProjectConfigurationPlatforms) = postSolution
		{81E853B6-AE8C-43E9-A72D-AC9A67E8DA4B}.Debug|Any CPU.ActiveCfg = Debug|Any CPU
		{81E853B6-AE8C-43E9-A72D-AC9A67E8DA4B}.Debug|Any CPU.Build.0 = Debug|Any CPU
		{81E853B6-AE8C-43E9-A72D-AC9A67E8DA4B}.Release|Any CPU.ActiveCfg = Release|Any CPU
		{81E853B6-AE8C-43E9-A72D-AC9A67E8DA4B}.Release|Any CPU.Build.0 = Release|Any CPU
	EndGlobalSection
	GlobalSection(SolutionProperties) = preSolution
		HideSolutionNode = FALSE
	EndGlobalSection
	GlobalSection(ExtensibilityGlobals) = postSolution
		SolutionGuid = {1F1D499D-31D1-43C0-9A7C-EBDEF1264DF4}
	EndGlobalSection
EndGlobal
