
Microsoft Visual Studio Solution File, Format Version 12.00
# Visual Studio Version 17
VisualStudioVersion = 17.6.33829.357
MinimumVisualStudioVersion = 10.0.40219.1
Project("{FAE04EC0-301F-11D3-BF4B-00C04F79EFBC}") = "cs loopncon16", "cs loopncon16.csproj", "{5EDFB061-94BB-4AD1-AF5C-17AE71CE7D94}"
EndProject
Global
	GlobalSection(SolutionConfigurationPlatforms) = preSolution
		Debug|Any CPU = Debug|Any CPU
		Release|Any CPU = Release|Any CPU
	EndGlobalSection
	GlobalSection(ProjectConfigurationPlatforms) = postSolution
		{5EDFB061-94BB-4AD1-AF5C-17AE71CE7D94}.Debug|Any CPU.ActiveCfg = Debug|Any CPU
		{5EDFB061-94BB-4AD1-AF5C-17AE71CE7D94}.Debug|Any CPU.Build.0 = Debug|Any CPU
		{5EDFB061-94BB-4AD1-AF5C-17AE71CE7D94}.Release|Any CPU.ActiveCfg = Release|Any CPU
		{5EDFB061-94BB-4AD1-AF5C-17AE71CE7D94}.Release|Any CPU.Build.0 = Release|Any CPU
	EndGlobalSection
	GlobalSection(SolutionProperties) = preSolution
		HideSolutionNode = FALSE
	EndGlobalSection
	GlobalSection(ExtensibilityGlobals) = postSolution
		SolutionGuid = {503C959D-5B75-4FF2-9387-7B2B3B92A8E5}
	EndGlobalSection
EndGlobal
