
Microsoft Visual Studio Solution File, Format Version 12.00
# Visual Studio Version 17
VisualStudioVersion = 17.6.33829.357
MinimumVisualStudioVersion = 10.0.40219.1
Project("{FAE04EC0-301F-11D3-BF4B-00C04F79EFBC}") = "cs loopncon2", "cs loopncon2.csproj", "{EC02162E-24A3-4727-ABDC-C6A1E56F8540}"
EndProject
Global
	GlobalSection(SolutionConfigurationPlatforms) = preSolution
		Debug|Any CPU = Debug|Any CPU
		Release|Any CPU = Release|Any CPU
	EndGlobalSection
	GlobalSection(ProjectConfigurationPlatforms) = postSolution
		{EC02162E-24A3-4727-ABDC-C6A1E56F8540}.Debug|Any CPU.ActiveCfg = Debug|Any CPU
		{EC02162E-24A3-4727-ABDC-C6A1E56F8540}.Debug|Any CPU.Build.0 = Debug|Any CPU
		{EC02162E-24A3-4727-ABDC-C6A1E56F8540}.Release|Any CPU.ActiveCfg = Release|Any CPU
		{EC02162E-24A3-4727-ABDC-C6A1E56F8540}.Release|Any CPU.Build.0 = Release|Any CPU
	EndGlobalSection
	GlobalSection(SolutionProperties) = preSolution
		HideSolutionNode = FALSE
	EndGlobalSection
	GlobalSection(ExtensibilityGlobals) = postSolution
		SolutionGuid = {CAC89490-CAC2-4F05-9C77-4D0E7BBF30D7}
	EndGlobalSection
EndGlobal
