
Microsoft Visual Studio Solution File, Format Version 12.00
# Visual Studio Version 17
VisualStudioVersion = 17.6.33829.357
MinimumVisualStudioVersion = 10.0.40219.1
Project("{FAE04EC0-301F-11D3-BF4B-00C04F79EFBC}") = "cs loopncon2", "cs loopncon2.csproj", "{27BA804F-58E5-4AE3-9619-88ABEEFC18D5}"
EndProject
Global
	GlobalSection(SolutionConfigurationPlatforms) = preSolution
		Debug|Any CPU = Debug|Any CPU
		Release|Any CPU = Release|Any CPU
	EndGlobalSection
	GlobalSection(ProjectConfigurationPlatforms) = postSolution
		{27BA804F-58E5-4AE3-9619-88ABEEFC18D5}.Debug|Any CPU.ActiveCfg = Debug|Any CPU
		{27BA804F-58E5-4AE3-9619-88ABEEFC18D5}.Debug|Any CPU.Build.0 = Debug|Any CPU
		{27BA804F-58E5-4AE3-9619-88ABEEFC18D5}.Release|Any CPU.ActiveCfg = Release|Any CPU
		{27BA804F-58E5-4AE3-9619-88ABEEFC18D5}.Release|Any CPU.Build.0 = Release|Any CPU
	EndGlobalSection
	GlobalSection(SolutionProperties) = preSolution
		HideSolutionNode = FALSE
	EndGlobalSection
	GlobalSection(ExtensibilityGlobals) = postSolution
		SolutionGuid = {6AE1716A-6BE1-4B9E-8D12-FE35A5446B5F}
	EndGlobalSection
EndGlobal
