
Microsoft Visual Studio Solution File, Format Version 12.00
# Visual Studio Version 17
VisualStudioVersion = 17.6.33829.357
MinimumVisualStudioVersion = 10.0.40219.1
Project("{FAE04EC0-301F-11D3-BF4B-00C04F79EFBC}") = "cs wfa6", "cs wfa6.csproj", "{C03BF25F-52D9-4475-9DFC-25AEF3624A8F}"
EndProject
Global
	GlobalSection(SolutionConfigurationPlatforms) = preSolution
		Debug|Any CPU = Debug|Any CPU
		Release|Any CPU = Release|Any CPU
	EndGlobalSection
	GlobalSection(ProjectConfigurationPlatforms) = postSolution
		{C03BF25F-52D9-4475-9DFC-25AEF3624A8F}.Debug|Any CPU.ActiveCfg = Debug|Any CPU
		{C03BF25F-52D9-4475-9DFC-25AEF3624A8F}.Debug|Any CPU.Build.0 = Debug|Any CPU
		{C03BF25F-52D9-4475-9DFC-25AEF3624A8F}.Release|Any CPU.ActiveCfg = Release|Any CPU
		{C03BF25F-52D9-4475-9DFC-25AEF3624A8F}.Release|Any CPU.Build.0 = Release|Any CPU
	EndGlobalSection
	GlobalSection(SolutionProperties) = preSolution
		HideSolutionNode = FALSE
	EndGlobalSection
	GlobalSection(ExtensibilityGlobals) = postSolution
		SolutionGuid = {5E589EAB-A9FC-4ECC-8386-C11B71E42CEE}
	EndGlobalSection
EndGlobal
