
Microsoft Visual Studio Solution File, Format Version 12.00
# Visual Studio Version 17
VisualStudioVersion = 17.6.33829.357
MinimumVisualStudioVersion = 10.0.40219.1
Project("{FAE04EC0-301F-11D3-BF4B-00C04F79EFBC}") = "cs methods19", "cs methods19.csproj", "{C1FF91FD-949E-4ED9-8CF0-9CDC1C367177}"
EndProject
Global
	GlobalSection(SolutionConfigurationPlatforms) = preSolution
		Debug|Any CPU = Debug|Any CPU
		Release|Any CPU = Release|Any CPU
	EndGlobalSection
	GlobalSection(ProjectConfigurationPlatforms) = postSolution
		{C1FF91FD-949E-4ED9-8CF0-9CDC1C367177}.Debug|Any CPU.ActiveCfg = Debug|Any CPU
		{C1FF91FD-949E-4ED9-8CF0-9CDC1C367177}.Debug|Any CPU.Build.0 = Debug|Any CPU
		{C1FF91FD-949E-4ED9-8CF0-9CDC1C367177}.Release|Any CPU.ActiveCfg = Release|Any CPU
		{C1FF91FD-949E-4ED9-8CF0-9CDC1C367177}.Release|Any CPU.Build.0 = Release|Any CPU
	EndGlobalSection
	GlobalSection(SolutionProperties) = preSolution
		HideSolutionNode = FALSE
	EndGlobalSection
	GlobalSection(ExtensibilityGlobals) = postSolution
		SolutionGuid = {FE8BED10-2DC9-4DD2-95BC-8561079999C9}
	EndGlobalSection
EndGlobal
