
Microsoft Visual Studio Solution File, Format Version 12.00
# Visual Studio Version 17
VisualStudioVersion = 17.6.33829.357
MinimumVisualStudioVersion = 10.0.40219.1
Project("{FAE04EC0-301F-11D3-BF4B-00C04F79EFBC}") = "cs loop13", "cs loop13.csproj", "{783718AF-307F-4013-A18A-96F6C3824AA7}"
EndProject
Global
	GlobalSection(SolutionConfigurationPlatforms) = preSolution
		Debug|Any CPU = Debug|Any CPU
		Release|Any CPU = Release|Any CPU
	EndGlobalSection
	GlobalSection(ProjectConfigurationPlatforms) = postSolution
		{783718AF-307F-4013-A18A-96F6C3824AA7}.Debug|Any CPU.ActiveCfg = Debug|Any CPU
		{783718AF-307F-4013-A18A-96F6C3824AA7}.Debug|Any CPU.Build.0 = Debug|Any CPU
		{783718AF-307F-4013-A18A-96F6C3824AA7}.Release|Any CPU.ActiveCfg = Release|Any CPU
		{783718AF-307F-4013-A18A-96F6C3824AA7}.Release|Any CPU.Build.0 = Release|Any CPU
	EndGlobalSection
	GlobalSection(SolutionProperties) = preSolution
		HideSolutionNode = FALSE
	EndGlobalSection
	GlobalSection(ExtensibilityGlobals) = postSolution
		SolutionGuid = {5048AC2C-EC55-475D-B5A8-EB33A24A2BEA}
	EndGlobalSection
EndGlobal
