
Microsoft Visual Studio Solution File, Format Version 12.00
# Visual Studio Version 17
VisualStudioVersion = 17.6.33829.357
MinimumVisualStudioVersion = 10.0.40219.1
Project("{FAE04EC0-301F-11D3-BF4B-00C04F79EFBC}") = "cs strings4", "cs strings4.csproj", "{B7A28516-6C6D-49CD-8F81-7844A970B6D1}"
EndProject
Global
	GlobalSection(SolutionConfigurationPlatforms) = preSolution
		Debug|Any CPU = Debug|Any CPU
		Release|Any CPU = Release|Any CPU
	EndGlobalSection
	GlobalSection(ProjectConfigurationPlatforms) = postSolution
		{B7A28516-6C6D-49CD-8F81-7844A970B6D1}.Debug|Any CPU.ActiveCfg = Debug|Any CPU
		{B7A28516-6C6D-49CD-8F81-7844A970B6D1}.Debug|Any CPU.Build.0 = Debug|Any CPU
		{B7A28516-6C6D-49CD-8F81-7844A970B6D1}.Release|Any CPU.ActiveCfg = Release|Any CPU
		{B7A28516-6C6D-49CD-8F81-7844A970B6D1}.Release|Any CPU.Build.0 = Release|Any CPU
	EndGlobalSection
	GlobalSection(SolutionProperties) = preSolution
		HideSolutionNode = FALSE
	EndGlobalSection
	GlobalSection(ExtensibilityGlobals) = postSolution
		SolutionGuid = {916ECCB1-2A94-4C07-B691-5A817D2C9E71}
	EndGlobalSection
EndGlobal
