
Microsoft Visual Studio Solution File, Format Version 12.00
# Visual Studio Version 17
VisualStudioVersion = 17.6.33829.357
MinimumVisualStudioVersion = 10.0.40219.1
Project("{FAE04EC0-301F-11D3-BF4B-00C04F79EFBC}") = "cs loopncon9", "cs loopncon9.csproj", "{DADD6052-B66D-4DD0-903F-46958A9F2011}"
EndProject
Global
	GlobalSection(SolutionConfigurationPlatforms) = preSolution
		Debug|Any CPU = Debug|Any CPU
		Release|Any CPU = Release|Any CPU
	EndGlobalSection
	GlobalSection(ProjectConfigurationPlatforms) = postSolution
		{DADD6052-B66D-4DD0-903F-46958A9F2011}.Debug|Any CPU.ActiveCfg = Debug|Any CPU
		{DADD6052-B66D-4DD0-903F-46958A9F2011}.Debug|Any CPU.Build.0 = Debug|Any CPU
		{DADD6052-B66D-4DD0-903F-46958A9F2011}.Release|Any CPU.ActiveCfg = Release|Any CPU
		{DADD6052-B66D-4DD0-903F-46958A9F2011}.Release|Any CPU.Build.0 = Release|Any CPU
	EndGlobalSection
	GlobalSection(SolutionProperties) = preSolution
		HideSolutionNode = FALSE
	EndGlobalSection
	GlobalSection(ExtensibilityGlobals) = postSolution
		SolutionGuid = {5F23371E-9D25-4165-91BF-064DC27CC191}
	EndGlobalSection
EndGlobal
