
Microsoft Visual Studio Solution File, Format Version 12.00
# Visual Studio Version 17
VisualStudioVersion = 17.6.33829.357
MinimumVisualStudioVersion = 10.0.40219.1
Project("{FAE04EC0-301F-11D3-BF4B-00C04F79EFBC}") = "cs wfa2", "cs wfa2.csproj", "{205C7B2C-90CD-480D-8BC4-08E574C5E300}"
EndProject
Global
	GlobalSection(SolutionConfigurationPlatforms) = preSolution
		Debug|Any CPU = Debug|Any CPU
		Release|Any CPU = Release|Any CPU
	EndGlobalSection
	GlobalSection(ProjectConfigurationPlatforms) = postSolution
		{205C7B2C-90CD-480D-8BC4-08E574C5E300}.Debug|Any CPU.ActiveCfg = Debug|Any CPU
		{205C7B2C-90CD-480D-8BC4-08E574C5E300}.Debug|Any CPU.Build.0 = Debug|Any CPU
		{205C7B2C-90CD-480D-8BC4-08E574C5E300}.Release|Any CPU.ActiveCfg = Release|Any CPU
		{205C7B2C-90CD-480D-8BC4-08E574C5E300}.Release|Any CPU.Build.0 = Release|Any CPU
	EndGlobalSection
	GlobalSection(SolutionProperties) = preSolution
		HideSolutionNode = FALSE
	EndGlobalSection
	GlobalSection(ExtensibilityGlobals) = postSolution
		SolutionGuid = {7569D2CF-A7C3-4DEB-B907-50DE60206C10}
	EndGlobalSection
EndGlobal
