
Microsoft Visual Studio Solution File, Format Version 12.00
# Visual Studio Version 17
VisualStudioVersion = 17.6.33829.357
MinimumVisualStudioVersion = 10.0.40219.1
Project("{FAE04EC0-301F-11D3-BF4B-00C04F79EFBC}") = "cs methods21", "cs methods21.csproj", "{77F12F2B-6CFA-424E-9E74-3CBE257CC2F8}"
EndProject
Global
	GlobalSection(SolutionConfigurationPlatforms) = preSolution
		Debug|Any CPU = Debug|Any CPU
		Release|Any CPU = Release|Any CPU
	EndGlobalSection
	GlobalSection(ProjectConfigurationPlatforms) = postSolution
		{77F12F2B-6CFA-424E-9E74-3CBE257CC2F8}.Debug|Any CPU.ActiveCfg = Debug|Any CPU
		{77F12F2B-6CFA-424E-9E74-3CBE257CC2F8}.Debug|Any CPU.Build.0 = Debug|Any CPU
		{77F12F2B-6CFA-424E-9E74-3CBE257CC2F8}.Release|Any CPU.ActiveCfg = Release|Any CPU
		{77F12F2B-6CFA-424E-9E74-3CBE257CC2F8}.Release|Any CPU.Build.0 = Release|Any CPU
	EndGlobalSection
	GlobalSection(SolutionProperties) = preSolution
		HideSolutionNode = FALSE
	EndGlobalSection
	GlobalSection(ExtensibilityGlobals) = postSolution
		SolutionGuid = {88756887-B8A3-4FDA-8B65-C268D6504767}
	EndGlobalSection
EndGlobal
