
Microsoft Visual Studio Solution File, Format Version 12.00
# Visual Studio Version 17
VisualStudioVersion = 17.6.33829.357
MinimumVisualStudioVersion = 10.0.40219.1
Project("{FAE04EC0-301F-11D3-BF4B-00C04F79EFBC}") = "cs methods17", "cs methods17.csproj", "{DEECE56E-98AD-4842-9EF6-FF32AA478AE5}"
EndProject
Global
	GlobalSection(SolutionConfigurationPlatforms) = preSolution
		Debug|Any CPU = Debug|Any CPU
		Release|Any CPU = Release|Any CPU
	EndGlobalSection
	GlobalSection(ProjectConfigurationPlatforms) = postSolution
		{DEECE56E-98AD-4842-9EF6-FF32AA478AE5}.Debug|Any CPU.ActiveCfg = Debug|Any CPU
		{DEECE56E-98AD-4842-9EF6-FF32AA478AE5}.Debug|Any CPU.Build.0 = Debug|Any CPU
		{DEECE56E-98AD-4842-9EF6-FF32AA478AE5}.Release|Any CPU.ActiveCfg = Release|Any CPU
		{DEECE56E-98AD-4842-9EF6-FF32AA478AE5}.Release|Any CPU.Build.0 = Release|Any CPU
	EndGlobalSection
	GlobalSection(SolutionProperties) = preSolution
		HideSolutionNode = FALSE
	EndGlobalSection
	GlobalSection(ExtensibilityGlobals) = postSolution
		SolutionGuid = {ADDCF8D8-601E-4A40-BCD4-4A5EFA10000F}
	EndGlobalSection
EndGlobal
