
Microsoft Visual Studio Solution File, Format Version 12.00
# Visual Studio Version 17
VisualStudioVersion = 17.6.33829.357
MinimumVisualStudioVersion = 10.0.40219.1
Project("{FAE04EC0-301F-11D3-BF4B-00C04F79EFBC}") = "cs methods6", "cs methods6.csproj", "{A1E76F45-0C63-47FE-AA7F-52CC554C3630}"
EndProject
Global
	GlobalSection(SolutionConfigurationPlatforms) = preSolution
		Debug|Any CPU = Debug|Any CPU
		Release|Any CPU = Release|Any CPU
	EndGlobalSection
	GlobalSection(ProjectConfigurationPlatforms) = postSolution
		{A1E76F45-0C63-47FE-AA7F-52CC554C3630}.Debug|Any CPU.ActiveCfg = Debug|Any CPU
		{A1E76F45-0C63-47FE-AA7F-52CC554C3630}.Debug|Any CPU.Build.0 = Debug|Any CPU
		{A1E76F45-0C63-47FE-AA7F-52CC554C3630}.Release|Any CPU.ActiveCfg = Release|Any CPU
		{A1E76F45-0C63-47FE-AA7F-52CC554C3630}.Release|Any CPU.Build.0 = Release|Any CPU
	EndGlobalSection
	GlobalSection(SolutionProperties) = preSolution
		HideSolutionNode = FALSE
	EndGlobalSection
	GlobalSection(ExtensibilityGlobals) = postSolution
		SolutionGuid = {226AF62C-EE3E-43BA-940F-36648A5DFA91}
	EndGlobalSection
EndGlobal
