
Microsoft Visual Studio Solution File, Format Version 12.00
# Visual Studio Version 17
VisualStudioVersion = 17.6.33829.357
MinimumVisualStudioVersion = 10.0.40219.1
Project("{FAE04EC0-301F-11D3-BF4B-00C04F79EFBC}") = "cs loopncon4", "cs loopncon4.csproj", "{BEE51A98-2411-49D1-9912-4BEA8F1F4E0C}"
EndProject
Global
	GlobalSection(SolutionConfigurationPlatforms) = preSolution
		Debug|Any CPU = Debug|Any CPU
		Release|Any CPU = Release|Any CPU
	EndGlobalSection
	GlobalSection(ProjectConfigurationPlatforms) = postSolution
		{BEE51A98-2411-49D1-9912-4BEA8F1F4E0C}.Debug|Any CPU.ActiveCfg = Debug|Any CPU
		{BEE51A98-2411-49D1-9912-4BEA8F1F4E0C}.Debug|Any CPU.Build.0 = Debug|Any CPU
		{BEE51A98-2411-49D1-9912-4BEA8F1F4E0C}.Release|Any CPU.ActiveCfg = Release|Any CPU
		{BEE51A98-2411-49D1-9912-4BEA8F1F4E0C}.Release|Any CPU.Build.0 = Release|Any CPU
	EndGlobalSection
	GlobalSection(SolutionProperties) = preSolution
		HideSolutionNode = FALSE
	EndGlobalSection
	GlobalSection(ExtensibilityGlobals) = postSolution
		SolutionGuid = {B25F7775-9B41-4726-8FE3-8EFD3AED22C1}
	EndGlobalSection
EndGlobal
