
Microsoft Visual Studio Solution File, Format Version 12.00
# Visual Studio Version 17
VisualStudioVersion = 17.6.33829.357
MinimumVisualStudioVersion = 10.0.40219.1
Project("{FAE04EC0-301F-11D3-BF4B-00C04F79EFBC}") = "cs strings15", "cs strings15.csproj", "{DD38B815-A1C8-45E8-82E3-10F49ABAC370}"
EndProject
Global
	GlobalSection(SolutionConfigurationPlatforms) = preSolution
		Debug|Any CPU = Debug|Any CPU
		Release|Any CPU = Release|Any CPU
	EndGlobalSection
	GlobalSection(ProjectConfigurationPlatforms) = postSolution
		{DD38B815-A1C8-45E8-82E3-10F49ABAC370}.Debug|Any CPU.ActiveCfg = Debug|Any CPU
		{DD38B815-A1C8-45E8-82E3-10F49ABAC370}.Debug|Any CPU.Build.0 = Debug|Any CPU
		{DD38B815-A1C8-45E8-82E3-10F49ABAC370}.Release|Any CPU.ActiveCfg = Release|Any CPU
		{DD38B815-A1C8-45E8-82E3-10F49ABAC370}.Release|Any CPU.Build.0 = Release|Any CPU
	EndGlobalSection
	GlobalSection(SolutionProperties) = preSolution
		HideSolutionNode = FALSE
	EndGlobalSection
	GlobalSection(ExtensibilityGlobals) = postSolution
		SolutionGuid = {81918A8A-6DCB-419E-B468-8B2249DA1B02}
	EndGlobalSection
EndGlobal
