
Microsoft Visual Studio Solution File, Format Version 12.00
# Visual Studio Version 17
VisualStudioVersion = 17.6.33829.357
MinimumVisualStudioVersion = 10.0.40219.1
Project("{FAE04EC0-301F-11D3-BF4B-00C04F79EFBC}") = "cs loop6", "cs loop6.csproj", "{0845EE3C-82CC-461A-83A9-50438671DF03}"
EndProject
Global
	GlobalSection(SolutionConfigurationPlatforms) = preSolution
		Debug|Any CPU = Debug|Any CPU
		Release|Any CPU = Release|Any CPU
	EndGlobalSection
	GlobalSection(ProjectConfigurationPlatforms) = postSolution
		{0845EE3C-82CC-461A-83A9-50438671DF03}.Debug|Any CPU.ActiveCfg = Debug|Any CPU
		{0845EE3C-82CC-461A-83A9-50438671DF03}.Debug|Any CPU.Build.0 = Debug|Any CPU
		{0845EE3C-82CC-461A-83A9-50438671DF03}.Release|Any CPU.ActiveCfg = Release|Any CPU
		{0845EE3C-82CC-461A-83A9-50438671DF03}.Release|Any CPU.Build.0 = Release|Any CPU
	EndGlobalSection
	GlobalSection(SolutionProperties) = preSolution
		HideSolutionNode = FALSE
	EndGlobalSection
	GlobalSection(ExtensibilityGlobals) = postSolution
		SolutionGuid = {CFC89E72-E0A4-4EEF-9431-E9DEF419D095}
	EndGlobalSection
EndGlobal
