
Microsoft Visual Studio Solution File, Format Version 12.00
# Visual Studio Version 17
VisualStudioVersion = 17.6.33829.357
MinimumVisualStudioVersion = 10.0.40219.1
Project("{FAE04EC0-301F-11D3-BF4B-00C04F79EFBC}") = "cs handling9", "cs handling9.csproj", "{8FD920AB-4E28-4AAC-A503-AC9ADEA58D21}"
EndProject
Global
	GlobalSection(SolutionConfigurationPlatforms) = preSolution
		Debug|Any CPU = Debug|Any CPU
		Release|Any CPU = Release|Any CPU
	EndGlobalSection
	GlobalSection(ProjectConfigurationPlatforms) = postSolution
		{8FD920AB-4E28-4AAC-A503-AC9ADEA58D21}.Debug|Any CPU.ActiveCfg = Debug|Any CPU
		{8FD920AB-4E28-4AAC-A503-AC9ADEA58D21}.Debug|Any CPU.Build.0 = Debug|Any CPU
		{8FD920AB-4E28-4AAC-A503-AC9ADEA58D21}.Release|Any CPU.ActiveCfg = Release|Any CPU
		{8FD920AB-4E28-4AAC-A503-AC9ADEA58D21}.Release|Any CPU.Build.0 = Release|Any CPU
	EndGlobalSection
	GlobalSection(SolutionProperties) = preSolution
		HideSolutionNode = FALSE
	EndGlobalSection
	GlobalSection(ExtensibilityGlobals) = postSolution
		SolutionGuid = {7191907D-C8E0-4DE7-B904-64134C0F8A69}
	EndGlobalSection
EndGlobal
