
Microsoft Visual Studio Solution File, Format Version 12.00
# Visual Studio Version 17
VisualStudioVersion = 17.6.33829.357
MinimumVisualStudioVersion = 10.0.40219.1
Project("{FAE04EC0-301F-11D3-BF4B-00C04F79EFBC}") = "cs wfa1", "cs wfa1.csproj", "{B05EC922-6195-4570-828F-A112D0521F08}"
EndProject
Global
	GlobalSection(SolutionConfigurationPlatforms) = preSolution
		Debug|Any CPU = Debug|Any CPU
		Release|Any CPU = Release|Any CPU
	EndGlobalSection
	GlobalSection(ProjectConfigurationPlatforms) = postSolution
		{B05EC922-6195-4570-828F-A112D0521F08}.Debug|Any CPU.ActiveCfg = Debug|Any CPU
		{B05EC922-6195-4570-828F-A112D0521F08}.Debug|Any CPU.Build.0 = Debug|Any CPU
		{B05EC922-6195-4570-828F-A112D0521F08}.Release|Any CPU.ActiveCfg = Release|Any CPU
		{B05EC922-6195-4570-828F-A112D0521F08}.Release|Any CPU.Build.0 = Release|Any CPU
	EndGlobalSection
	GlobalSection(SolutionProperties) = preSolution
		HideSolutionNode = FALSE
	EndGlobalSection
	GlobalSection(ExtensibilityGlobals) = postSolution
		SolutionGuid = {CAA6AB33-744C-4F3E-BA17-52FF35EF7A0F}
	EndGlobalSection
EndGlobal
