
Microsoft Visual Studio Solution File, Format Version 12.00
# Visual Studio Version 17
VisualStudioVersion = 17.6.33829.357
MinimumVisualStudioVersion = 10.0.40219.1
Project("{FAE04EC0-301F-11D3-BF4B-00C04F79EFBC}") = "cs loopncon14", "cs loopncon14.csproj", "{D4C26F1B-0134-417E-92C5-1DC91FBCC69C}"
EndProject
Global
	GlobalSection(SolutionConfigurationPlatforms) = preSolution
		Debug|Any CPU = Debug|Any CPU
		Release|Any CPU = Release|Any CPU
	EndGlobalSection
	GlobalSection(ProjectConfigurationPlatforms) = postSolution
		{D4C26F1B-0134-417E-92C5-1DC91FBCC69C}.Debug|Any CPU.ActiveCfg = Debug|Any CPU
		{D4C26F1B-0134-417E-92C5-1DC91FBCC69C}.Debug|Any CPU.Build.0 = Debug|Any CPU
		{D4C26F1B-0134-417E-92C5-1DC91FBCC69C}.Release|Any CPU.ActiveCfg = Release|Any CPU
		{D4C26F1B-0134-417E-92C5-1DC91FBCC69C}.Release|Any CPU.Build.0 = Release|Any CPU
	EndGlobalSection
	GlobalSection(SolutionProperties) = preSolution
		HideSolutionNode = FALSE
	EndGlobalSection
	GlobalSection(ExtensibilityGlobals) = postSolution
		SolutionGuid = {A8A9D988-CFA9-453E-97BB-370800CE7C19}
	EndGlobalSection
EndGlobal
