
Microsoft Visual Studio Solution File, Format Version 12.00
# Visual Studio Version 17
VisualStudioVersion = 17.6.33829.357
MinimumVisualStudioVersion = 10.0.40219.1
Project("{FAE04EC0-301F-11D3-BF4B-00C04F79EFBC}") = "cs condition2", "cs condition2.csproj", "{CF9A6CD2-AA78-428E-A821-026D267A849A}"
EndProject
Global
	GlobalSection(SolutionConfigurationPlatforms) = preSolution
		Debug|Any CPU = Debug|Any CPU
		Release|Any CPU = Release|Any CPU
	EndGlobalSection
	GlobalSection(ProjectConfigurationPlatforms) = postSolution
		{CF9A6CD2-AA78-428E-A821-026D267A849A}.Debug|Any CPU.ActiveCfg = Debug|Any CPU
		{CF9A6CD2-AA78-428E-A821-026D267A849A}.Debug|Any CPU.Build.0 = Debug|Any CPU
		{CF9A6CD2-AA78-428E-A821-026D267A849A}.Release|Any CPU.ActiveCfg = Release|Any CPU
		{CF9A6CD2-AA78-428E-A821-026D267A849A}.Release|Any CPU.Build.0 = Release|Any CPU
	EndGlobalSection
	GlobalSection(SolutionProperties) = preSolution
		HideSolutionNode = FALSE
	EndGlobalSection
	GlobalSection(ExtensibilityGlobals) = postSolution
		SolutionGuid = {3A4EDFF4-06A6-466D-9864-B4A2304C70CB}
	EndGlobalSection
EndGlobal
