
Microsoft Visual Studio Solution File, Format Version 12.00
# Visual Studio Version 17
VisualStudioVersion = 17.6.33829.357
MinimumVisualStudioVersion = 10.0.40219.1
Project("{9A19103F-16F7-4668-BE54-9A1E7A4F7556}") = "cs intro test", "cs intro test.csproj", "{D85E2FCB-422B-42E2-9A15-12CC1405CB94}"
EndProject
Global
	GlobalSection(SolutionConfigurationPlatforms) = preSolution
		Debug|Any CPU = Debug|Any CPU
		Release|Any CPU = Release|Any CPU
	EndGlobalSection
	GlobalSection(ProjectConfigurationPlatforms) = postSolution
		{D85E2FCB-422B-42E2-9A15-12CC1405CB94}.Debug|Any CPU.ActiveCfg = Debug|Any CPU
		{D85E2FCB-422B-42E2-9A15-12CC1405CB94}.Debug|Any CPU.Build.0 = Debug|Any CPU
		{D85E2FCB-422B-42E2-9A15-12CC1405CB94}.Release|Any CPU.ActiveCfg = Release|Any CPU
		{D85E2FCB-422B-42E2-9A15-12CC1405CB94}.Release|Any CPU.Build.0 = Release|Any CPU
	EndGlobalSection
	GlobalSection(SolutionProperties) = preSolution
		HideSolutionNode = FALSE
	EndGlobalSection
	GlobalSection(ExtensibilityGlobals) = postSolution
		SolutionGuid = {D91DC09F-8942-4F0F-A131-D9733D8C7396}
	EndGlobalSection
EndGlobal
