
Microsoft Visual Studio Solution File, Format Version 12.00
# Visual Studio Version 17
VisualStudioVersion = 17.6.33829.357
MinimumVisualStudioVersion = 10.0.40219.1
Project("{FAE04EC0-301F-11D3-BF4B-00C04F79EFBC}") = "cs methods20", "cs methods20.csproj", "{A9A0F400-8AC7-403A-AE79-0E6B359D6144}"
EndProject
Global
	GlobalSection(SolutionConfigurationPlatforms) = preSolution
		Debug|Any CPU = Debug|Any CPU
		Release|Any CPU = Release|Any CPU
	EndGlobalSection
	GlobalSection(ProjectConfigurationPlatforms) = postSolution
		{A9A0F400-8AC7-403A-AE79-0E6B359D6144}.Debug|Any CPU.ActiveCfg = Debug|Any CPU
		{A9A0F400-8AC7-403A-AE79-0E6B359D6144}.Debug|Any CPU.Build.0 = Debug|Any CPU
		{A9A0F400-8AC7-403A-AE79-0E6B359D6144}.Release|Any CPU.ActiveCfg = Release|Any CPU
		{A9A0F400-8AC7-403A-AE79-0E6B359D6144}.Release|Any CPU.Build.0 = Release|Any CPU
	EndGlobalSection
	GlobalSection(SolutionProperties) = preSolution
		HideSolutionNode = FALSE
	EndGlobalSection
	GlobalSection(ExtensibilityGlobals) = postSolution
		SolutionGuid = {87F57098-9610-46C6-B0D2-D5E3483FDB69}
	EndGlobalSection
EndGlobal
