
Microsoft Visual Studio Solution File, Format Version 12.00
# Visual Studio Version 17
VisualStudioVersion = 17.6.33829.357
MinimumVisualStudioVersion = 10.0.40219.1
Project("{FAE04EC0-301F-11D3-BF4B-00C04F79EFBC}") = "cs strings1", "cs strings1.csproj", "{A8104A2A-2C0F-42B5-9C3A-C13D56D5053A}"
EndProject
Global
	GlobalSection(SolutionConfigurationPlatforms) = preSolution
		Debug|Any CPU = Debug|Any CPU
		Release|Any CPU = Release|Any CPU
	EndGlobalSection
	GlobalSection(ProjectConfigurationPlatforms) = postSolution
		{A8104A2A-2C0F-42B5-9C3A-C13D56D5053A}.Debug|Any CPU.ActiveCfg = Debug|Any CPU
		{A8104A2A-2C0F-42B5-9C3A-C13D56D5053A}.Debug|Any CPU.Build.0 = Debug|Any CPU
		{A8104A2A-2C0F-42B5-9C3A-C13D56D5053A}.Release|Any CPU.ActiveCfg = Release|Any CPU
		{A8104A2A-2C0F-42B5-9C3A-C13D56D5053A}.Release|Any CPU.Build.0 = Release|Any CPU
	EndGlobalSection
	GlobalSection(SolutionProperties) = preSolution
		HideSolutionNode = FALSE
	EndGlobalSection
	GlobalSection(ExtensibilityGlobals) = postSolution
		SolutionGuid = {C767BD77-6BAA-4686-A958-EB6BBDC5375E}
	EndGlobalSection
EndGlobal
